
Microsoft Visual Studio Solution File, Format Version 12.00
# Visual Studio Version 16
VisualStudioVersion = 16.0.30503.244
MinimumVisualStudioVersion = 10.0.40219.1
Project("{9A19103F-16F7-4668-BE54-9A1E7A4F7556}") = "Lab1_UI_V2", "Lab1_UI_V2\Lab1_UI_V2.csproj", "{0A537F77-16CD-48E4-9051-AECD0B147FA4}"
EndProject
Project("{9A19103F-16F7-4668-BE54-9A1E7A4F7556}") = "ClassLibrary", "Lab2_V2_1\ClassLibrary.csproj", "{F4BD395D-8B70-4861-A796-8C9A08D0726C}"
EndProject
Global
	GlobalSection(SolutionConfigurationPlatforms) = preSolution
		Debug|Any CPU = Debug|Any CPU
		Release|Any CPU = Release|Any CPU
	EndGlobalSection
	GlobalSection(ProjectConfigurationPlatforms) = postSolution
		{0A537F77-16CD-48E4-9051-AECD0B147FA4}.Debug|Any CPU.ActiveCfg = Debug|Any CPU
		{0A537F77-16CD-48E4-9051-AECD0B147FA4}.Debug|Any CPU.Build.0 = Debug|Any CPU
		{0A537F77-16CD-48E4-9051-AECD0B147FA4}.Release|Any CPU.ActiveCfg = Release|Any CPU
		{0A537F77-16CD-48E4-9051-AECD0B147FA4}.Release|Any CPU.Build.0 = Release|Any CPU
		{F4BD395D-8B70-4861-A796-8C9A08D0726C}.Debug|Any CPU.ActiveCfg = Debug|Any CPU
		{F4BD395D-8B70-4861-A796-8C9A08D0726C}.Debug|Any CPU.Build.0 = Debug|Any CPU
		{F4BD395D-8B70-4861-A796-8C9A08D0726C}.Release|Any CPU.ActiveCfg = Release|Any CPU
		{F4BD395D-8B70-4861-A796-8C9A08D0726C}.Release|Any CPU.Build.0 = Release|Any CPU
	EndGlobalSection
	GlobalSection(SolutionProperties) = preSolution
		HideSolutionNode = FALSE
	EndGlobalSection
	GlobalSection(ExtensibilityGlobals) = postSolution
		SolutionGuid = {5A1814F0-D908-46E1-ACC9-99D4BDEB58E5}
	EndGlobalSection
EndGlobal
